// !$*UTF8*$!
{
	archiveVersion = 1;
	classes = {
	};
	objectVersion = 48;
	objects = {

/* Begin PBXBuildFile section */
		CD17301C205BBCA600BD9778 /* AppDelegate.m in Sources */ = {isa = PBXBuildFile; fileRef = CD17301B205BBCA600BD9778 /* AppDelegate.m */; };
		CD17301F205BBCA700BD9778 /* ViewController.m in Sources */ = {isa = PBXBuildFile; fileRef = CD17301E205BBCA700BD9778 /* ViewController.m */; };
		CD173022205BBCA700BD9778 /* Main.storyboard in Resources */ = {isa = PBXBuildFile; fileRef = CD173020205BBCA700BD9778 /* Main.storyboard */; };
		CD173024205BBCA700BD9778 /* Assets.xcassets in Resources */ = {isa = PBXBuildFile; fileRef = CD173023205BBCA700BD9778 /* Assets.xcassets */; };
		CD173027205BBCA700BD9778 /* LaunchScreen.storyboard in Resources */ = {isa = PBXBuildFile; fileRef = CD173025205BBCA700BD9778 /* LaunchScreen.storyboard */; };
		CD17302A205BBCA700BD9778 /* main.m in Sources */ = {isa = PBXBuildFile; fileRef = CD173029205BBCA700BD9778 /* main.m */; };
		CD173032205BBD4F00BD9778 /* RegisterViewController.m in Sources */ = {isa = PBXBuildFile; fileRef = CD173031205BBD4F00BD9778 /* RegisterViewController.m */; };
/* End PBXBuildFile section */

/* Begin PBXFileReference section */
		CD173017205BBCA600BD9778 /* RegisterDemo.app */ = {isa = PBXFileReference; explicitFileType = wrapper.application; includeInIndex = 0; path = RegisterDemo.app; sourceTree = BUILT_PRODUCTS_DIR; };
		CD17301A205BBCA600BD9778 /* AppDelegate.h */ = {isa = PBXFileReference; lastKnownFileType = sourcecode.c.h; path = AppDelegate.h; sourceTree = "<group>"; };
		CD17301B205BBCA600BD9778 /* AppDelegate.m */ = {isa = PBXFileReference; lastKnownFileType = sourcecode.c.objc; path = AppDelegate.m; sourceTree = "<group>"; };
		CD17301D205BBCA600BD9778 /* ViewController.h */ = {isa = PBXFileReference; lastKnownFileType = sourcecode.c.h; path = ViewController.h; sourceTree = "<group>"; };
		CD17301E205BBCA700BD9778 /* ViewController.m */ = {isa = PBXFileReference; lastKnownFileType = sourcecode.c.objc; path = ViewController.m; sourceTree = "<group>"; };
		CD173021205BBCA700BD9778 /* Base */ = {isa = PBXFileReference; lastKnownFileType = file.storyboard; name = Base; path = Base.lproj/Main.storyboard; sourceTree = "<group>"; };
		CD173023205BBCA700BD9778 /* Assets.xcassets */ = {isa = PBXFileReference; lastKnownFileType = folder.assetcatalog; path = Assets.xcassets; sourceTree = "<group>"; };
		CD173026205BBCA700BD9778 /* Base */ = {isa = PBXFileReference; lastKnownFileType = file.storyboard; name = Base; path = Base.lproj/LaunchScreen.storyboard; sourceTree = "<group>"; };
		CD173028205BBCA700BD9778 /* Info.plist */ = {isa = PBXFileReference; lastKnownFileType = text.plist.xml; path = Info.plist; sourceTree = "<group>"; };
		CD173029205BBCA700BD9778 /* main.m */ = {isa = PBXFileReference; lastKnownFileType = sourcecode.c.objc; path = main.m; sourceTree = "<group>"; };
		CD173030205BBD4F00BD9778 /* RegisterViewController.h */ = {isa = PBXFileReference; lastKnownFileType = sourcecode.c.h; path = RegisterViewController.h; sourceTree = "<group>"; };
		CD173031205BBD4F00BD9778 /* RegisterViewController.m */ = {isa = PBXFileReference; lastKnownFileType = sourcecode.c.objc; path = RegisterViewController.m; sourceTree = "<group>"; };
/* End PBXFileReference section */

/* Begin PBXFrameworksBuildPhase section */
		CD173014205BBCA600BD9778 /* Frameworks */ = {
			isa = PBXFrameworksBuildPhase;
			buildActionMask = 2147483647;
			files = (
			);
			runOnlyForDeploymentPostprocessing = 0;
		};
/* End PBXFrameworksBuildPhase section */

/* Begin PBXGroup section */
		CD17300E205BBCA600BD9778 = {
			isa = PBXGroup;
			children = (
				CD173019205BBCA600BD9778 /* RegisterDemo */,
				CD173018205BBCA600BD9778 /* Products */,
			);
			sourceTree = "<group>";
		};
		CD173018205BBCA600BD9778 /* Products */ = {
			isa = PBXGroup;
			children = (
				CD173017205BBCA600BD9778 /* RegisterDemo.app */,
			);
			name = Products;
			sourceTree = "<group>";
		};
		CD173019205BBCA600BD9778 /* RegisterDemo */ = {
			isa = PBXGroup;
			children = (
				CD17301A205BBCA600BD9778 /* AppDelegate.h */,
				CD17301B205BBCA600BD9778 /* AppDelegate.m */,
				CD17301D205BBCA600BD9778 /* ViewController.h */,
				CD17301E205BBCA700BD9778 /* ViewController.m */,
				CD173030205BBD4F00BD9778 /* RegisterViewController.h */,
				CD173031205BBD4F00BD9778 /* RegisterViewController.m */,
				CD173020205BBCA700BD9778 /* Main.storyboard */,
				CD173023205BBCA700BD9778 /* Assets.xcassets */,
				CD173025205BBCA700BD9778 /* LaunchScreen.storyboard */,
				CD173028205BBCA700BD9778 /* Info.plist */,
				CD173029205BBCA700BD9778 /* main.m */,
			);
			path = RegisterDemo;
			sourceTree = "<group>";
		};
/* End PBXGroup section */

/* Begin PBXNativeTarget section */
		CD173016205BBCA600BD9778 /* RegisterDemo */ = {
			isa = PBXNativeTarget;
			buildConfigurationList = CD17302D205BBCA700BD9778 /* Build configuration list for PBXNativeTarget "RegisterDemo" */;
			buildPhases = (
				CD173013205BBCA600BD9778 /* Sources */,
				CD173014205BBCA600BD9778 /* Frameworks */,
				CD173015205BBCA600BD9778 /* Resources */,
			);
			buildRules = (
			);
			dependencies = (
			);
			name = RegisterDemo;
			productName = RegisterDemo;
			productReference = CD173017205BBCA600BD9778 /* RegisterDemo.app */;
			productType = "com.apple.product-type.application";
		};
/* End PBXNativeTarget section */

/* Begin PBXProject section */
		CD17300F205BBCA600BD9778 /* Project object */ = {
			isa = PBXProject;
			attributes = {
				LastUpgradeCheck = 0910;
				ORGANIZATIONNAME = PatrickY;
				TargetAttributes = {
					CD173016205BBCA600BD9778 = {
						CreatedOnToolsVersion = 9.1;
						ProvisioningStyle = Automatic;
					};
				};
			};
			buildConfigurationList = CD173012205BBCA600BD9778 /* Build configuration list for PBXProject "RegisterDemo" */;
			compatibilityVersion = "Xcode 8.0";
			developmentRegion = en;
			hasScannedForEncodings = 0;
			knownRegions = (
				en,
				Base,
			);
			mainGroup = CD17300E205BBCA600BD9778;
			productRefGroup = CD173018205BBCA600BD9778 /* Products */;
			projectDirPath = "";
			projectRoot = "";
			targets = (
				CD173016205BBCA600BD9778 /* RegisterDemo */,
			);
		};
/* End PBXProject section */

/* Begin PBXResourcesBuildPhase section */
		CD173015205BBCA600BD9778 /* Resources */ = {
			isa = PBXResourcesBuildPhase;
			buildActionMask = 2147483647;
			files = (
				CD173027205BBCA700BD9778 /* LaunchScreen.storyboard in Resources */,
				CD173024205BBCA700BD9778 /* Assets.xcassets in Resources */,
				CD173022205BBCA700BD9778 /* Main.storyboard in Resources */,
			);
			runOnlyForDeploymentPostprocessing = 0;
		};
/* End PBXResourcesBuildPhase section */

/* Begin PBXSourcesBuildPhase section */
		CD173013205BBCA600BD9778 /* Sources */ = {
			isa = PBXSourcesBuildPhase;
			buildActionMask = 2147483647;
			files = (
				CD17301F205BBCA700BD9778 /* ViewController.m in Sources */,
				CD17302A205BBCA700BD9778 /* main.m in Sources */,
				CD17301C205BBCA600BD9778 /* AppDelegate.m in Sources */,
				CD173032205BBD4F00BD9778 /* RegisterViewController.m in Sources */,
			);
			runOnlyForDeploymentPostprocessing = 0;
		};
/* End PBXSourcesBuildPhase section */

/* Begin PBXVariantGroup section */
		CD173020205BBCA700BD9778 /* Main.storyboard */ = {
			isa = PBXVariantGroup;
			children = (
				CD173021205BBCA700BD9778 /* Base */,
			);
			name = Main.storyboard;
			sourceTree = "<group>";
		};
		CD173025205BBCA700BD9778 /* LaunchScreen.storyboard */ = {
			isa = PBXVariantGroup;
			children = (
				CD173026205BBCA700BD9778 /* Base */,
			);
			name = LaunchScreen.storyboard;
			sourceTree = "<group>";
		};
/* End PBXVariantGroup section */

/* Begin XCBuildConfiguration section */
		CD17302B205BBCA700BD9778 /* Debug */ = {
			isa = XCBuildConfiguration;
			buildSettings = {
				ALWAYS_SEARCH_USER_PATHS = NO;
				CLANG_ANALYZER_NONNULL = YES;
				CLANG_ANALYZER_NUMBER_OBJECT_CONVERSION = YES_AGGRESSIVE;
				CLANG_CXX_LANGUAGE_STANDARD = "gnu++14";
				CLANG_CXX_LIBRARY = "libc++";
				CLANG_ENABLE_MODULES = YES;
				CLANG_ENABLE_OBJC_ARC = YES;
				CLANG_WARN_BLOCK_CAPTURE_AUTORELEASING = YES;
				CLANG_WARN_BOOL_CONVERSION = YES;
				CLANG_WARN_COMMA = YES;
				CLANG_WARN_CONSTANT_CONVERSION = YES;
				CLANG_WARN_DIRECT_OBJC_ISA_USAGE = YES_ERROR;
				CLANG_WARN_DOCUMENTATION_COMMENTS = YES;
				CLANG_WARN_EMPTY_BODY = YES;
				CLANG_WARN_ENUM_CONVERSION = YES;
				CLANG_WARN_INFINITE_RECURSION = YES;
				CLANG_WARN_INT_CONVERSION = YES;
				CLANG_WARN_NON_LITERAL_NULL_CONVERSION = YES;
				CLANG_WARN_OBJC_LITERAL_CONVERSION = YES;
				CLANG_WARN_OBJC_ROOT_CLASS = YES_ERROR;
				CLANG_WARN_RANGE_LOOP_ANALYSIS = YES;
				CLANG_WARN_STRICT_PROTOTYPES = YES;
				CLANG_WARN_SUSPICIOUS_MOVE = YES;
				CLANG_WARN_UNGUARDED_AVAILABILITY = YES_AGGRESSIVE;
				CLANG_WARN_UNREACHABLE_CODE = YES;
				CLANG_WARN__DUPLICATE_METHOD_MATCH = YES;
				CODE_SIGN_IDENTITY = "iPhone Developer";
				COPY_PHASE_STRIP = NO;
				DEBUG_INFORMATION_FORMAT = dwarf;
				ENABLE_STRICT_OBJC_MSGSEND = YES;
				ENABLE_TESTABILITY = YES;
				GCC_C_LANGUAGE_STANDARD = gnu11;
				GCC_DYNAMIC_NO_PIC = NO;
				GCC_NO_COMMON_BLOCKS = YES;
				GCC_OPTIMIZATION_LEVEL = 0;
				GCC_PREPROCESSOR_DEFINITIONS = (
					"DEBUG=1",
					"$(inherited)",
				);
				GCC_WARN_64_TO_32_BIT_CONVERSION = YES;
				GCC_WARN_ABOUT_RETURN_TYPE = YES_ERROR;
				GCC_WARN_UNDECLARED_SELECTOR = YES;
				GCC_WARN_UNINITIALIZED_AUTOS = YES_AGGRESSIVE;
				GCC_WARN_UNUSED_FUNCTION = YES;
				GCC_WARN_UNUSED_VARIABLE = YES;
				IPHONEOS_DEPLOYMENT_TARGET = 11.1;
				MTL_ENABLE_DEBUG_INFO = YES;
				ONLY_ACTIVE_ARCH = YES;
				SDKROOT = iphoneos;
			};
			name = Debug;
		};
		CD17302C205BBCA700BD9778 /* Release */ = {
			isa = XCBuildConfiguration;
			buildSettings = {
				ALWAYS_SEARCH_USER_PATHS = NO;
				CLANG_ANALYZER_NONNULL = YES;
				CLANG_ANALYZER_NUMBER_OBJECT_CONVERSION = YES_AGGRESSIVE;
				CLANG_CXX_LANGUAGE_STANDARD = "gnu++14";
				CLANG_CXX_LIBRARY = "libc++";
				CLANG_ENABLE_MODULES = YES;
				CLANG_ENABLE_OBJC_ARC = YES;
				CLANG_WARN_BLOCK_CAPTURE_AUTORELEASING = YES;
				CLANG_WARN_BOOL_CONVERSION = YES;
				CLANG_WARN_COMMA = YES;
				CLANG_WARN_CONSTANT_CONVERSION = YES;
				CLANG_WARN_DIRECT_OBJC_ISA_USAGE = YES_ERROR;
				CLANG_WARN_DOCUMENTATION_COMMENTS = YES;
				CLANG_WARN_EMPTY_BODY = YES;
				CLANG_WARN_ENUM_CONVERSION = YES;
				CLANG_WARN_INFINITE_RECURSION = YES;
				CLANG_WARN_INT_CONVERSION = YES;
				CLANG_WARN_NON_LITERAL_NULL_CONVERSION = YES;
				CLANG_WARN_OBJC_LITERAL_CONVERSION = YES;
				CLANG_WARN_OBJC_ROOT_CLASS = YES_ERROR;
				CLANG_WARN_RANGE_LOOP_ANALYSIS = YES;
				CLANG_WARN_STRICT_PROTOTYPES = YES;
				CLANG_WARN_SUSPICIOUS_MOVE = YES;
				CLANG_WARN_UNGUARDED_AVAILABILITY = YES_AGGRESSIVE;
				CLANG_WARN_UNREACHABLE_CODE = YES;
				CLANG_WARN__DUPLICATE_METHOD_MATCH = YES;
				CODE_SIGN_IDENTITY = "iPhone Developer";
				COPY_PHASE_STRIP = NO;
				DEBUG_INFORMATION_FORMAT = "dwarf-with-dsym";
				ENABLE_NS_ASSERTIONS = NO;
				ENABLE_STRICT_OBJC_MSGSEND = YES;
				GCC_C_LANGUAGE_STANDARD = gnu11;
				GCC_NO_COMMON_BLOCKS = YES;
				GCC_WARN_64_TO_32_BIT_CONVERSION = YES;
				GCC_WARN_ABOUT_RETURN_TYPE = YES_ERROR;
				GCC_WARN_UNDECLARED_SELECTOR = YES;
				GCC_WARN_UNINITIALIZED_AUTOS = YES_AGGRESSIVE;
				GCC_WARN_UNUSED_FUNCTION = YES;
				GCC_WARN_UNUSED_VARIABLE = YES;
				IPHONEOS_DEPLOYMENT_TARGET = 11.1;
				MTL_ENABLE_DEBUG_INFO = NO;
				SDKROOT = iphoneos;
				VALIDATE_PRODUCT = YES;
			};
			name = Release;
		};
		CD17302E205BBCA700BD9778 /* Debug */ = {
			isa = XCBuildConfiguration;
			buildSettings = {
				ASSETCATALOG_COMPILER_APPICON_NAME = AppIcon;
				CODE_SIGN_STYLE = Automatic;
				DEVELOPMENT_TEAM = 5C23J56UD3;
				INFOPLIST_FILE = RegisterDemo/Info.plist;
				LD_RUNPATH_SEARCH_PATHS = "$(inherited) @executable_path/Frameworks";
				PRODUCT_BUNDLE_IDENTIFIER = com.py.RegisterDemo;
				PRODUCT_NAME = "$(TARGET_NAME)";
				TARGETED_DEVICE_FAMILY = "1,2";
			};
			name = Debug;
		};
		CD17302F205BBCA700BD9778 /* Release */ = {
			isa = XCBuildConfiguration;
			buildSettings = {
				ASSETCATALOG_COMPILER_APPICON_NAME = AppIcon;
				CODE_SIGN_STYLE = Automatic;
				DEVELOPMENT_TEAM = 5C23J56UD3;
				INFOPLIST_FILE = RegisterDemo/Info.plist;
				LD_RUNPATH_SEARCH_PATHS = "$(inherited) @executable_path/Frameworks";
				PRODUCT_BUNDLE_IDENTIFIER = com.py.RegisterDemo;
				PRODUCT_NAME = "$(TARGET_NAME)";
				TARGETED_DEVICE_FAMILY = "1,2";
			};
			name = Release;
		};
/* End XCBuildConfiguration section */

/* Begin XCConfigurationList section */
		CD173012205BBCA600BD9778 /* Build configuration list for PBXProject "RegisterDemo" */ = {
			isa = XCConfigurationList;
			buildConfigurations = (
				CD17302B205BBCA700BD9778 /* Debug */,
				CD17302C205BBCA700BD9778 /* Release */,
			);
			defaultConfigurationIsVisible = 0;
			defaultConfigurationName = Release;
		};
		CD17302D205BBCA700BD9778 /* Build configuration list for PBXNativeTarget "RegisterDemo" */ = {
			isa = XCConfigurationList;
			buildConfigurations = (
				CD17302E205BBCA700BD9778 /* Debug */,
				CD17302F205BBCA700BD9778 /* Release */,
			);
			defaultConfigurationIsVisible = 0;
			defaultConfigurationName = Release;
		};
/* End XCConfigurationList section */
	};
	rootObject = CD17300F205BBCA600BD9778 /* Project object */;
}
